// !$*UTF8*$!
{
	archiveVersion = 1;
	classes = {
	};
	objectVersion = 50;
	objects = {

/* Begin PBXBuildFile section */
		9216C9ED2980F1E71D509D8C /* Pods_SanDiegoZooSample.framework in Frameworks */ = {isa = PBXBuildFile; fileRef = 461B71F0CFF5E12132B36F28 /* Pods_SanDiegoZooSample.framework */; };
		CF02A27E223FF60100F84F47 /* MenuViewController.swift in Sources */ = {isa = PBXBuildFile; fileRef = CF02A27D223FF60100F84F47 /* MenuViewController.swift */; };
		CF02A28C223FF8ED00F84F47 /* Jungle Java_Menu.pdf in Resources */ = {isa = PBXBuildFile; fileRef = CF02A280223FF8ED00F84F47 /* Jungle Java_Menu.pdf */; };
		CF02A28D223FF8ED00F84F47 /* Safari Kitchen Café_Menu.pdf in Resources */ = {isa = PBXBuildFile; fileRef = CF02A281223FF8ED00F84F47 /* Safari Kitchen Café_Menu.pdf */; };
		CF02A28E223FF8ED00F84F47 /* Treetops Café_Menu.pdf in Resources */ = {isa = PBXBuildFile; fileRef = CF02A282223FF8ED00F84F47 /* Treetops Café_Menu.pdf */; };
		CF02A28F223FF8ED00F84F47 /* Albert's Restaurant_Menu.pdf in Resources */ = {isa = PBXBuildFile; fileRef = CF02A283223FF8ED00F84F47 /* Albert's Restaurant_Menu.pdf */; };
		CF02A290223FF8ED00F84F47 /* Sydney's Grill_Menu.pdf in Resources */ = {isa = PBXBuildFile; fileRef = CF02A284223FF8ED00F84F47 /* Sydney's Grill_Menu.pdf */; };
		CF02A291223FF8ED00F84F47 /* Lagoon Terrace_Menu.pdf in Resources */ = {isa = PBXBuildFile; fileRef = CF02A285223FF8ED00F84F47 /* Lagoon Terrace_Menu.pdf */; };
		CF02A292223FF8ED00F84F47 /* Hua Mei Café_Menu.pdf in Resources */ = {isa = PBXBuildFile; fileRef = CF02A286223FF8ED00F84F47 /* Hua Mei Café_Menu.pdf */; };
		CF02A293223FF8ED00F84F47 /* Poppy's Patio_Menu.pdf in Resources */ = {isa = PBXBuildFile; fileRef = CF02A287223FF8ED00F84F47 /* Poppy's Patio_Menu.pdf */; };
		CF02A294223FF8ED00F84F47 /* Sabertooth Grill_Menu.pdf in Resources */ = {isa = PBXBuildFile; fileRef = CF02A288223FF8ED00F84F47 /* Sabertooth Grill_Menu.pdf */; };
		CF02A295223FF8ED00F84F47 /* Zoo Brew_Menu.pdf in Resources */ = {isa = PBXBuildFile; fileRef = CF02A289223FF8ED00F84F47 /* Zoo Brew_Menu.pdf */; };
		CF02A296223FF8ED00F84F47 /* San Diego Zoo Sandwich Company_Menu.pdf in Resources */ = {isa = PBXBuildFile; fileRef = CF02A28A223FF8ED00F84F47 /* San Diego Zoo Sandwich Company_Menu.pdf */; };
		CF02A297223FF8ED00F84F47 /* Front Street Café_Menu.pdf in Resources */ = {isa = PBXBuildFile; fileRef = CF02A28B223FF8ED00F84F47 /* Front Street Café_Menu.pdf */; };
		CF02A299224007C400F84F47 /* ZooAreaPickerView.swift in Sources */ = {isa = PBXBuildFile; fileRef = CF02A298224007C400F84F47 /* ZooAreaPickerView.swift */; };
		CF02A29B2240082000F84F47 /* PickAreaViewController.swift in Sources */ = {isa = PBXBuildFile; fileRef = CF02A29A2240082000F84F47 /* PickAreaViewController.swift */; };
		CF02A29D2240226900F84F47 /* getZooAreaColor.swift in Sources */ = {isa = PBXBuildFile; fileRef = CF02A29C2240226900F84F47 /* getZooAreaColor.swift */; };
		CF02A29F22403CB600F84F47 /* filterObjects.swift in Sources */ = {isa = PBXBuildFile; fileRef = CF02A29E22403CB600F84F47 /* filterObjects.swift */; };
		CF0394532244AD5400FA8C5A /* Catering.swift in Sources */ = {isa = PBXBuildFile; fileRef = CF0394522244AD5400FA8C5A /* Catering.swift */; };
		CF0394552244AEF500FA8C5A /* CateringData.swift in Sources */ = {isa = PBXBuildFile; fileRef = CF0394542244AEF500FA8C5A /* CateringData.swift */; };
		CF0394572244B0B000FA8C5A /* Shopping.swift in Sources */ = {isa = PBXBuildFile; fileRef = CF0394562244B0B000FA8C5A /* Shopping.swift */; };
		CF0394592244B13600FA8C5A /* ShoppingData.swift in Sources */ = {isa = PBXBuildFile; fileRef = CF0394582244B13600FA8C5A /* ShoppingData.swift */; };
		CF03945B2244B32000FA8C5A /* Aviary.swift in Sources */ = {isa = PBXBuildFile; fileRef = CF03945A2244B32000FA8C5A /* Aviary.swift */; };
		CF03945D2244B40000FA8C5A /* AviaryData.swift in Sources */ = {isa = PBXBuildFile; fileRef = CF03945C2244B40000FA8C5A /* AviaryData.swift */; };
		CF03945F2244B66D00FA8C5A /* GeneralData.swift in Sources */ = {isa = PBXBuildFile; fileRef = CF03945E2244B66D00FA8C5A /* GeneralData.swift */; };
		CF4E249C2239744A006BCFA4 /* zoo_tiles in Resources */ = {isa = PBXBuildFile; fileRef = CF4E249B2239744A006BCFA4 /* zoo_tiles */; };
		CF4E24C822398145006BCFA4 /* Tiger_Trail.plist in Resources */ = {isa = PBXBuildFile; fileRef = CF4E24A022398145006BCFA4 /* Tiger_Trail.plist */; };
		CF4E24C922398145006BCFA4 /* Hippo_Trail.plist in Resources */ = {isa = PBXBuildFile; fileRef = CF4E24A122398145006BCFA4 /* Hippo_Trail.plist */; };
		CF4E24CA22398145006BCFA4 /* NorthernFrontier_Trail.plist in Resources */ = {isa = PBXBuildFile; fileRef = CF4E24A222398145006BCFA4 /* NorthernFrontier_Trail.plist */; };
		CF4E24CB22398145006BCFA4 /* AsianLeopards_Trail.plist in Resources */ = {isa = PBXBuildFile; fileRef = CF4E24A322398145006BCFA4 /* AsianLeopards_Trail.plist */; };
		CF4E24CC22398145006BCFA4 /* FernCanyon_Trail.plist in Resources */ = {isa = PBXBuildFile; fileRef = CF4E24A422398145006BCFA4 /* FernCanyon_Trail.plist */; };
		CF4E24CD22398145006BCFA4 /* Monkey_Trail.plist in Resources */ = {isa = PBXBuildFile; fileRef = CF4E24A522398145006BCFA4 /* Monkey_Trail.plist */; };
		CF4E24CE22398145006BCFA4 /* OwensAviary_Trail.plist in Resources */ = {isa = PBXBuildFile; fileRef = CF4E24A622398145006BCFA4 /* OwensAviary_Trail.plist */; };
		CF4E24CF22398145006BCFA4 /* UrbanJungle_Trail.plist in Resources */ = {isa = PBXBuildFile; fileRef = CF4E24A722398145006BCFA4 /* UrbanJungle_Trail.plist */; };
		CF4E24D022398145006BCFA4 /* Panda_Trail.plist in Resources */ = {isa = PBXBuildFile; fileRef = CF4E24A822398145006BCFA4 /* Panda_Trail.plist */; };
		CF4E24D122398145006BCFA4 /* ChildrenZoo_Trail.plist in Resources */ = {isa = PBXBuildFile; fileRef = CF4E24A922398145006BCFA4 /* ChildrenZoo_Trail.plist */; };
		CF4E24D222398145006BCFA4 /* TerraceLagoon_Trail.plist in Resources */ = {isa = PBXBuildFile; fileRef = CF4E24AA22398145006BCFA4 /* TerraceLagoon_Trail.plist */; };
		CF4E24D322398145006BCFA4 /* ParkerAviary_Trail.plist in Resources */ = {isa = PBXBuildFile; fileRef = CF4E24AB22398145006BCFA4 /* ParkerAviary_Trail.plist */; };
		CF4E24D422398145006BCFA4 /* ElephantOdyssey_Trail.plist in Resources */ = {isa = PBXBuildFile; fileRef = CF4E24AC22398145006BCFA4 /* ElephantOdyssey_Trail.plist */; };
		CF4E24D522398145006BCFA4 /* AfricaRocks_Trail.plist in Resources */ = {isa = PBXBuildFile; fileRef = CF4E24AD22398145006BCFA4 /* AfricaRocks_Trail.plist */; };
		CF4E24D622398145006BCFA4 /* SunBear_Trail.plist in Resources */ = {isa = PBXBuildFile; fileRef = CF4E24AE22398145006BCFA4 /* SunBear_Trail.plist */; };
		CF4E24D722398145006BCFA4 /* Orangutan_Trail.plist in Resources */ = {isa = PBXBuildFile; fileRef = CF4E24AF22398145006BCFA4 /* Orangutan_Trail.plist */; };
		CF4E24D822398145006BCFA4 /* AfricanWaterfall_Trail.plist in Resources */ = {isa = PBXBuildFile; fileRef = CF4E24B122398145006BCFA4 /* AfricanWaterfall_Trail.plist */; };
		CF4E24D922398145006BCFA4 /* MonkeyHippoConnection_Trail.plist in Resources */ = {isa = PBXBuildFile; fileRef = CF4E24B222398145006BCFA4 /* MonkeyHippoConnection_Trail.plist */; };
		CF4E24DA22398145006BCFA4 /* Connection_Gorilla_Monkey_Trail.plist in Resources */ = {isa = PBXBuildFile; fileRef = CF4E24B322398145006BCFA4 /* Connection_Gorilla_Monkey_Trail.plist */; };
		CF4E24DB22398145006BCFA4 /* BusLoadingPath_Trail.plist in Resources */ = {isa = PBXBuildFile; fileRef = CF4E24B422398145006BCFA4 /* BusLoadingPath_Trail.plist */; };
		CF4E24DC22398145006BCFA4 /* KoalaCenter_Trail.plist in Resources */ = {isa = PBXBuildFile; fileRef = CF4E24B522398145006BCFA4 /* KoalaCenter_Trail.plist */; };
		CF4E24DD22398145006BCFA4 /* AlbertHippoConnection_Trail.plist in Resources */ = {isa = PBXBuildFile; fileRef = CF4E24B622398145006BCFA4 /* AlbertHippoConnection_Trail.plist */; };
		CF4E24DE22398145006BCFA4 /* SouthofAlberts_Trail.plist in Resources */ = {isa = PBXBuildFile; fileRef = CF4E24B722398145006BCFA4 /* SouthofAlberts_Trail.plist */; };
		CF4E24DF22398145006BCFA4 /* Tazmanian_Trail.plist in Resources */ = {isa = PBXBuildFile; fileRef = CF4E24B822398145006BCFA4 /* Tazmanian_Trail.plist */; };
		CF4E24E022398145006BCFA4 /* Reptiles_Trail.plist in Resources */ = {isa = PBXBuildFile; fileRef = CF4E24B922398145006BCFA4 /* Reptiles_Trail.plist */; };
		CF4E24E122398145006BCFA4 /* OwensFiller_Trail.plist in Resources */ = {isa = PBXBuildFile; fileRef = CF4E24BA22398145006BCFA4 /* OwensFiller_Trail.plist */; };
		CF4E24E222398145006BCFA4 /* CenterStreet_IPS.plist in Resources */ = {isa = PBXBuildFile; fileRef = CF4E24BC22398145006BCFA4 /* CenterStreet_IPS.plist */; };
		CF4E24E322398145006BCFA4 /* FrontStreet_IPS.plist in Resources */ = {isa = PBXBuildFile; fileRef = CF4E24BD22398145006BCFA4 /* FrontStreet_IPS.plist */; };
		CF4E24E422398145006BCFA4 /* TreetopsWay_IPS.plist in Resources */ = {isa = PBXBuildFile; fileRef = CF4E24BE22398145006BCFA4 /* TreetopsWay_IPS.plist */; };
		CF4E24E522398145006BCFA4 /* ParkWay_IPS.plist in Resources */ = {isa = PBXBuildFile; fileRef = CF4E24BF22398145006BCFA4 /* ParkWay_IPS.plist */; };
		CF4E24E622398145006BCFA4 /* AviaryEscalator_Transport.plist in Resources */ = {isa = PBXBuildFile; fileRef = CF4E24C122398145006BCFA4 /* AviaryEscalator_Transport.plist */; };
		CF4E24E722398145006BCFA4 /* Skyline_Transport.plist in Resources */ = {isa = PBXBuildFile; fileRef = CF4E24C222398145006BCFA4 /* Skyline_Transport.plist */; };
		CF4E24E822398145006BCFA4 /* BashorBridge_Transport.plist in Resources */ = {isa = PBXBuildFile; fileRef = CF4E24C322398145006BCFA4 /* BashorBridge_Transport.plist */; };
		CF4E24E922398145006BCFA4 /* ZooPlace_Road.plist in Resources */ = {isa = PBXBuildFile; fileRef = CF4E24C522398145006BCFA4 /* ZooPlace_Road.plist */; };
		CF4E24EA22398145006BCFA4 /* ParkingLotGrid.plist in Resources */ = {isa = PBXBuildFile; fileRef = CF4E24C622398145006BCFA4 /* ParkingLotGrid.plist */; };
		CF4E24EB22398145006BCFA4 /* ZooDrive_Road.plist in Resources */ = {isa = PBXBuildFile; fileRef = CF4E24C722398145006BCFA4 /* ZooDrive_Road.plist */; };
		CF4E24EF223982E6006BCFA4 /* Routes.swift in Sources */ = {isa = PBXBuildFile; fileRef = CF4E24EE223982E6006BCFA4 /* Routes.swift */; };
		CF4E24F1223986A6006BCFA4 /* ZooPolyline.swift in Sources */ = {isa = PBXBuildFile; fileRef = CF4E24F0223986A6006BCFA4 /* ZooPolyline.swift */; };
		CF7448C322416C1900C34E6B /* filterSearchObjects.swift in Sources */ = {isa = PBXBuildFile; fileRef = CF7448C222416C1900C34E6B /* filterSearchObjects.swift */; };
		CF7448C522418C8400C34E6B /* SearchTypeCollectionViewCell.swift in Sources */ = {isa = PBXBuildFile; fileRef = CF7448C422418C8400C34E6B /* SearchTypeCollectionViewCell.swift */; };
		CFD465572236E4AC0073E3FD /* AppDelegate.swift in Sources */ = {isa = PBXBuildFile; fileRef = CFD465562236E4AC0073E3FD /* AppDelegate.swift */; };
		CFD465592236E4AC0073E3FD /* SearchViewController.swift in Sources */ = {isa = PBXBuildFile; fileRef = CFD465582236E4AC0073E3FD /* SearchViewController.swift */; };
		CFD4655C2236E4AC0073E3FD /* Main.storyboard in Resources */ = {isa = PBXBuildFile; fileRef = CFD4655A2236E4AC0073E3FD /* Main.storyboard */; };
		CFD4655E2236E4AF0073E3FD /* Assets.xcassets in Resources */ = {isa = PBXBuildFile; fileRef = CFD4655D2236E4AF0073E3FD /* Assets.xcassets */; };
		CFD465612236E4AF0073E3FD /* LaunchScreen.storyboard in Resources */ = {isa = PBXBuildFile; fileRef = CFD4655F2236E4AF0073E3FD /* LaunchScreen.storyboard */; };
		CFD4656A2236E4D10073E3FD /* Zoo.swift in Sources */ = {isa = PBXBuildFile; fileRef = CFD465692236E4D10073E3FD /* Zoo.swift */; };
		CFD4656C2236E6760073E3FD /* Animal.swift in Sources */ = {isa = PBXBuildFile; fileRef = CFD4656B2236E6760073E3FD /* Animal.swift */; };
		CFD4656E2236E68B0073E3FD /* ZooObject.swift in Sources */ = {isa = PBXBuildFile; fileRef = CFD4656D2236E68B0073E3FD /* ZooObject.swift */; };
		CFD465702236E6A80073E3FD /* Dining.swift in Sources */ = {isa = PBXBuildFile; fileRef = CFD4656F2236E6A80073E3FD /* Dining.swift */; };
		CFD465722236E7040073E3FD /* Restroom.swift in Sources */ = {isa = PBXBuildFile; fileRef = CFD465712236E7040073E3FD /* Restroom.swift */; };
		CFD465742236E79E0073E3FD /* WaterFountain.swift in Sources */ = {isa = PBXBuildFile; fileRef = CFD465732236E79E0073E3FD /* WaterFountain.swift */; };
		CFD465762236E8550073E3FD /* MapLocation.swift in Sources */ = {isa = PBXBuildFile; fileRef = CFD465752236E8550073E3FD /* MapLocation.swift */; };
		CFD465782236E8E70073E3FD /* ParkingLotSign.swift in Sources */ = {isa = PBXBuildFile; fileRef = CFD465772236E8E70073E3FD /* ParkingLotSign.swift */; };
		CFD4657B2236E9460073E3FD /* AnimalData.swift in Sources */ = {isa = PBXBuildFile; fileRef = CFD4657A2236E9460073E3FD /* AnimalData.swift */; };
		CFD4657F2236F5530073E3FD /* ZooArea.swift in Sources */ = {isa = PBXBuildFile; fileRef = CFD4657E2236F5530073E3FD /* ZooArea.swift */; };
		CFD465812236F7830073E3FD /* DiningData.swift in Sources */ = {isa = PBXBuildFile; fileRef = CFD465802236F7830073E3FD /* DiningData.swift */; };
		CFD465832236F8B60073E3FD /* RestroomData.swift in Sources */ = {isa = PBXBuildFile; fileRef = CFD465822236F8B60073E3FD /* RestroomData.swift */; };
		CFD465852236F9590073E3FD /* WaterFountainData.swift in Sources */ = {isa = PBXBuildFile; fileRef = CFD465842236F9590073E3FD /* WaterFountainData.swift */; };
		CFD465872236FA410073E3FD /* MapLocationData.swift in Sources */ = {isa = PBXBuildFile; fileRef = CFD465862236FA410073E3FD /* MapLocationData.swift */; };
		CFD465892236FC3F0073E3FD /* ParkingLotSignData.swift in Sources */ = {isa = PBXBuildFile; fileRef = CFD465882236FC3F0073E3FD /* ParkingLotSignData.swift */; };
		CFD4658C2236FD280073E3FD /* MapViewController.swift in Sources */ = {isa = PBXBuildFile; fileRef = CFD4658B2236FD280073E3FD /* MapViewController.swift */; };
		CFD4658E223703DF0073E3FD /* ObjectDetailViewController.swift in Sources */ = {isa = PBXBuildFile; fileRef = CFD4658D223703DF0073E3FD /* ObjectDetailViewController.swift */; };
		CFD46591223748960073E3FD /* ZooObjectTableViewCell.swift in Sources */ = {isa = PBXBuildFile; fileRef = CFD46590223748960073E3FD /* ZooObjectTableViewCell.swift */; };
		CFD4659522381F9B0073E3FD /* HomeViewController.swift in Sources */ = {isa = PBXBuildFile; fileRef = CFD4659422381F9B0073E3FD /* HomeViewController.swift */; };
		CFD46597223825A20073E3FD /* ExperiencesViewController.swift in Sources */ = {isa = PBXBuildFile; fileRef = CFD46596223825A20073E3FD /* ExperiencesViewController.swift */; };
		CFD46599223826140073E3FD /* Experience.swift in Sources */ = {isa = PBXBuildFile; fileRef = CFD46598223826140073E3FD /* Experience.swift */; };
		CFD4659B223826650073E3FD /* ExperienceType.swift in Sources */ = {isa = PBXBuildFile; fileRef = CFD4659A223826650073E3FD /* ExperienceType.swift */; };
		CFD4659D223826E60073E3FD /* ExperienceTableViewCell.swift in Sources */ = {isa = PBXBuildFile; fileRef = CFD4659C223826E60073E3FD /* ExperienceTableViewCell.swift */; };
		CFD4659F2238285B0073E3FD /* ExperienceData.swift in Sources */ = {isa = PBXBuildFile; fileRef = CFD4659E2238285B0073E3FD /* ExperienceData.swift */; };
		CFD465A1223854B90073E3FD /* ExperienceDetailViewController.swift in Sources */ = {isa = PBXBuildFile; fileRef = CFD465A0223854B90073E3FD /* ExperienceDetailViewController.swift */; };
		CFD465A32238CD5A0073E3FD /* MapViewZoomInterceptor.swift in Sources */ = {isa = PBXBuildFile; fileRef = CFD465A22238CD5A0073E3FD /* MapViewZoomInterceptor.swift */; };
		CFD465A52238CD8A0073E3FD /* WildCardGestureRecognizer.swift in Sources */ = {isa = PBXBuildFile; fileRef = CFD465A42238CD8A0073E3FD /* WildCardGestureRecognizer.swift */; };
		CFD465A72238CE020073E3FD /* ZooOverlay.swift in Sources */ = {isa = PBXBuildFile; fileRef = CFD465A62238CE020073E3FD /* ZooOverlay.swift */; };
		CFD465A92238CE630073E3FD /* ConstantSizePolyline.swift in Sources */ = {isa = PBXBuildFile; fileRef = CFD465A82238CE630073E3FD /* ConstantSizePolyline.swift */; };
		CFD465AB2238CEBF0073E3FD /* ZooAnnotationView.swift in Sources */ = {isa = PBXBuildFile; fileRef = CFD465AA2238CEBF0073E3FD /* ZooAnnotationView.swift */; };
		CFD465AD2238CEED0073E3FD /* Colors.swift in Sources */ = {isa = PBXBuildFile; fileRef = CFD465AC2238CEED0073E3FD /* Colors.swift */; };
		CFD465AF2238D05E0073E3FD /* ZooAnnotation.swift in Sources */ = {isa = PBXBuildFile; fileRef = CFD465AE2238D05E0073E3FD /* ZooAnnotation.swift */; };
		CFD8977A223C22470073FE49 /* CustomTabBarController.swift in Sources */ = {isa = PBXBuildFile; fileRef = CFD89779223C22470073FE49 /* CustomTabBarController.swift */; };
		CFD8977C223C75570073FE49 /* Extensions.swift in Sources */ = {isa = PBXBuildFile; fileRef = CFD8977B223C75570073FE49 /* Extensions.swift */; };
/* End PBXBuildFile section */

/* Begin PBXFileReference section */
		461B71F0CFF5E12132B36F28 /* Pods_SanDiegoZooSample.framework */ = {isa = PBXFileReference; explicitFileType = wrapper.framework; includeInIndex = 0; path = Pods_SanDiegoZooSample.framework; sourceTree = BUILT_PRODUCTS_DIR; };
		6B7C87643221633C737CDF12 /* Pods-SanDiegoZooSample.release.xcconfig */ = {isa = PBXFileReference; includeInIndex = 1; lastKnownFileType = text.xcconfig; name = "Pods-SanDiegoZooSample.release.xcconfig"; path = "Pods/Target Support Files/Pods-SanDiegoZooSample/Pods-SanDiegoZooSample.release.xcconfig"; sourceTree = "<group>"; };
		ADE7C0DB47DE47BEAB75300E /* Pods-SanDiegoZooSample.debug.xcconfig */ = {isa = PBXFileReference; includeInIndex = 1; lastKnownFileType = text.xcconfig; name = "Pods-SanDiegoZooSample.debug.xcconfig"; path = "Pods/Target Support Files/Pods-SanDiegoZooSample/Pods-SanDiegoZooSample.debug.xcconfig"; sourceTree = "<group>"; };
		CF02A27D223FF60100F84F47 /* MenuViewController.swift */ = {isa = PBXFileReference; lastKnownFileType = sourcecode.swift; path = MenuViewController.swift; sourceTree = "<group>"; };
		CF02A280223FF8ED00F84F47 /* Jungle Java_Menu.pdf */ = {isa = PBXFileReference; lastKnownFileType = image.pdf; path = "Jungle Java_Menu.pdf"; sourceTree = "<group>"; };
		CF02A281223FF8ED00F84F47 /* Safari Kitchen Café_Menu.pdf */ = {isa = PBXFileReference; lastKnownFileType = image.pdf; path = "Safari Kitchen Café_Menu.pdf"; sourceTree = "<group>"; };
		CF02A282223FF8ED00F84F47 /* Treetops Café_Menu.pdf */ = {isa = PBXFileReference; lastKnownFileType = image.pdf; path = "Treetops Café_Menu.pdf"; sourceTree = "<group>"; };
		CF02A283223FF8ED00F84F47 /* Albert's Restaurant_Menu.pdf */ = {isa = PBXFileReference; lastKnownFileType = image.pdf; path = "Albert's Restaurant_Menu.pdf"; sourceTree = "<group>"; };
		CF02A284223FF8ED00F84F47 /* Sydney's Grill_Menu.pdf */ = {isa = PBXFileReference; lastKnownFileType = image.pdf; path = "Sydney's Grill_Menu.pdf"; sourceTree = "<group>"; };
		CF02A285223FF8ED00F84F47 /* Lagoon Terrace_Menu.pdf */ = {isa = PBXFileReference; lastKnownFileType = image.pdf; path = "Lagoon Terrace_Menu.pdf"; sourceTree = "<group>"; };
		CF02A286223FF8ED00F84F47 /* Hua Mei Café_Menu.pdf */ = {isa = PBXFileReference; lastKnownFileType = image.pdf; path = "Hua Mei Café_Menu.pdf"; sourceTree = "<group>"; };
		CF02A287223FF8ED00F84F47 /* Poppy's Patio_Menu.pdf */ = {isa = PBXFileReference; lastKnownFileType = image.pdf; path = "Poppy's Patio_Menu.pdf"; sourceTree = "<group>"; };
		CF02A288223FF8ED00F84F47 /* Sabertooth Grill_Menu.pdf */ = {isa = PBXFileReference; lastKnownFileType = image.pdf; path = "Sabertooth Grill_Menu.pdf"; sourceTree = "<group>"; };
		CF02A289223FF8ED00F84F47 /* Zoo Brew_Menu.pdf */ = {isa = PBXFileReference; lastKnownFileType = image.pdf; path = "Zoo Brew_Menu.pdf"; sourceTree = "<group>"; };
		CF02A28A223FF8ED00F84F47 /* San Diego Zoo Sandwich Company_Menu.pdf */ = {isa = PBXFileReference; lastKnownFileType = image.pdf; path = "San Diego Zoo Sandwich Company_Menu.pdf"; sourceTree = "<group>"; };
		CF02A28B223FF8ED00F84F47 /* Front Street Café_Menu.pdf */ = {isa = PBXFileReference; lastKnownFileType = image.pdf; path = "Front Street Café_Menu.pdf"; sourceTree = "<group>"; };
		CF02A298224007C400F84F47 /* ZooAreaPickerView.swift */ = {isa = PBXFileReference; lastKnownFileType = sourcecode.swift; path = ZooAreaPickerView.swift; sourceTree = "<group>"; };
		CF02A29A2240082000F84F47 /* PickAreaViewController.swift */ = {isa = PBXFileReference; lastKnownFileType = sourcecode.swift; path = PickAreaViewController.swift; sourceTree = "<group>"; };
		CF02A29C2240226900F84F47 /* getZooAreaColor.swift */ = {isa = PBXFileReference; lastKnownFileType = sourcecode.swift; path = getZooAreaColor.swift; sourceTree = "<group>"; };
		CF02A29E22403CB600F84F47 /* filterObjects.swift */ = {isa = PBXFileReference; lastKnownFileType = sourcecode.swift; path = filterObjects.swift; sourceTree = "<group>"; };
		CF0394522244AD5400FA8C5A /* Catering.swift */ = {isa = PBXFileReference; lastKnownFileType = sourcecode.swift; path = Catering.swift; sourceTree = "<group>"; };
		CF0394542244AEF500FA8C5A /* CateringData.swift */ = {isa = PBXFileReference; lastKnownFileType = sourcecode.swift; path = CateringData.swift; sourceTree = "<group>"; };
		CF0394562244B0B000FA8C5A /* Shopping.swift */ = {isa = PBXFileReference; lastKnownFileType = sourcecode.swift; path = Shopping.swift; sourceTree = "<group>"; };
		CF0394582244B13600FA8C5A /* ShoppingData.swift */ = {isa = PBXFileReference; lastKnownFileType = sourcecode.swift; path = ShoppingData.swift; sourceTree = "<group>"; };
		CF03945A2244B32000FA8C5A /* Aviary.swift */ = {isa = PBXFileReference; lastKnownFileType = sourcecode.swift; path = Aviary.swift; sourceTree = "<group>"; };
		CF03945C2244B40000FA8C5A /* AviaryData.swift */ = {isa = PBXFileReference; lastKnownFileType = sourcecode.swift; path = AviaryData.swift; sourceTree = "<group>"; };
		CF03945E2244B66D00FA8C5A /* GeneralData.swift */ = {isa = PBXFileReference; lastKnownFileType = sourcecode.swift; path = GeneralData.swift; sourceTree = "<group>"; };
		CF4E249B2239744A006BCFA4 /* zoo_tiles */ = {isa = PBXFileReference; lastKnownFileType = folder; name = zoo_tiles; path = ../zoo_tiles; sourceTree = "<group>"; };
		CF4E24A022398145006BCFA4 /* Tiger_Trail.plist */ = {isa = PBXFileReference; fileEncoding = 4; lastKnownFileType = text.plist.xml; path = Tiger_Trail.plist; sourceTree = "<group>"; };
		CF4E24A122398145006BCFA4 /* Hippo_Trail.plist */ = {isa = PBXFileReference; fileEncoding = 4; lastKnownFileType = text.plist.xml; path = Hippo_Trail.plist; sourceTree = "<group>"; };
		CF4E24A222398145006BCFA4 /* NorthernFrontier_Trail.plist */ = {isa = PBXFileReference; fileEncoding = 4; lastKnownFileType = text.plist.xml; path = NorthernFrontier_Trail.plist; sourceTree = "<group>"; };
		CF4E24A322398145006BCFA4 /* AsianLeopards_Trail.plist */ = {isa = PBXFileReference; fileEncoding = 4; lastKnownFileType = text.plist.xml; path = AsianLeopards_Trail.plist; sourceTree = "<group>"; };
		CF4E24A422398145006BCFA4 /* FernCanyon_Trail.plist */ = {isa = PBXFileReference; fileEncoding = 4; lastKnownFileType = text.plist.xml; path = FernCanyon_Trail.plist; sourceTree = "<group>"; };
		CF4E24A522398145006BCFA4 /* Monkey_Trail.plist */ = {isa = PBXFileReference; fileEncoding = 4; lastKnownFileType = text.plist.xml; path = Monkey_Trail.plist; sourceTree = "<group>"; };
		CF4E24A622398145006BCFA4 /* OwensAviary_Trail.plist */ = {isa = PBXFileReference; fileEncoding = 4; lastKnownFileType = text.plist.xml; path = OwensAviary_Trail.plist; sourceTree = "<group>"; };
		CF4E24A722398145006BCFA4 /* UrbanJungle_Trail.plist */ = {isa = PBXFileReference; fileEncoding = 4; lastKnownFileType = text.plist.xml; path = UrbanJungle_Trail.plist; sourceTree = "<group>"; };
		CF4E24A822398145006BCFA4 /* Panda_Trail.plist */ = {isa = PBXFileReference; fileEncoding = 4; lastKnownFileType = text.plist.xml; path = Panda_Trail.plist; sourceTree = "<group>"; };
		CF4E24A922398145006BCFA4 /* ChildrenZoo_Trail.plist */ = {isa = PBXFileReference; fileEncoding = 4; lastKnownFileType = text.plist.xml; path = ChildrenZoo_Trail.plist; sourceTree = "<group>"; };
		CF4E24AA22398145006BCFA4 /* TerraceLagoon_Trail.plist */ = {isa = PBXFileReference; fileEncoding = 4; lastKnownFileType = text.plist.xml; path = TerraceLagoon_Trail.plist; sourceTree = "<group>"; };
		CF4E24AB22398145006BCFA4 /* ParkerAviary_Trail.plist */ = {isa = PBXFileReference; fileEncoding = 4; lastKnownFileType = text.plist.xml; path = ParkerAviary_Trail.plist; sourceTree = "<group>"; };
		CF4E24AC22398145006BCFA4 /* ElephantOdyssey_Trail.plist */ = {isa = PBXFileReference; fileEncoding = 4; lastKnownFileType = text.plist.xml; path = ElephantOdyssey_Trail.plist; sourceTree = "<group>"; };
		CF4E24AD22398145006BCFA4 /* AfricaRocks_Trail.plist */ = {isa = PBXFileReference; fileEncoding = 4; lastKnownFileType = text.plist.xml; path = AfricaRocks_Trail.plist; sourceTree = "<group>"; };
		CF4E24AE22398145006BCFA4 /* SunBear_Trail.plist */ = {isa = PBXFileReference; fileEncoding = 4; lastKnownFileType = text.plist.xml; path = SunBear_Trail.plist; sourceTree = "<group>"; };
		CF4E24AF22398145006BCFA4 /* Orangutan_Trail.plist */ = {isa = PBXFileReference; fileEncoding = 4; lastKnownFileType = text.plist.xml; path = Orangutan_Trail.plist; sourceTree = "<group>"; };
		CF4E24B122398145006BCFA4 /* AfricanWaterfall_Trail.plist */ = {isa = PBXFileReference; fileEncoding = 4; lastKnownFileType = text.plist.xml; path = AfricanWaterfall_Trail.plist; sourceTree = "<group>"; };
		CF4E24B222398145006BCFA4 /* MonkeyHippoConnection_Trail.plist */ = {isa = PBXFileReference; fileEncoding = 4; lastKnownFileType = text.plist.xml; path = MonkeyHippoConnection_Trail.plist; sourceTree = "<group>"; };
		CF4E24B322398145006BCFA4 /* Connection_Gorilla_Monkey_Trail.plist */ = {isa = PBXFileReference; fileEncoding = 4; lastKnownFileType = text.plist.xml; path = Connection_Gorilla_Monkey_Trail.plist; sourceTree = "<group>"; };
		CF4E24B422398145006BCFA4 /* BusLoadingPath_Trail.plist */ = {isa = PBXFileReference; fileEncoding = 4; lastKnownFileType = text.plist.xml; path = BusLoadingPath_Trail.plist; sourceTree = "<group>"; };
		CF4E24B522398145006BCFA4 /* KoalaCenter_Trail.plist */ = {isa = PBXFileReference; fileEncoding = 4; lastKnownFileType = text.plist.xml; path = KoalaCenter_Trail.plist; sourceTree = "<group>"; };
		CF4E24B622398145006BCFA4 /* AlbertHippoConnection_Trail.plist */ = {isa = PBXFileReference; fileEncoding = 4; lastKnownFileType = text.plist.xml; path = AlbertHippoConnection_Trail.plist; sourceTree = "<group>"; };
		CF4E24B722398145006BCFA4 /* SouthofAlberts_Trail.plist */ = {isa = PBXFileReference; fileEncoding = 4; lastKnownFileType = text.plist.xml; path = SouthofAlberts_Trail.plist; sourceTree = "<group>"; };
		CF4E24B822398145006BCFA4 /* Tazmanian_Trail.plist */ = {isa = PBXFileReference; fileEncoding = 4; lastKnownFileType = text.plist.xml; path = Tazmanian_Trail.plist; sourceTree = "<group>"; };
		CF4E24B922398145006BCFA4 /* Reptiles_Trail.plist */ = {isa = PBXFileReference; fileEncoding = 4; lastKnownFileType = text.plist.xml; path = Reptiles_Trail.plist; sourceTree = "<group>"; };
		CF4E24BA22398145006BCFA4 /* OwensFiller_Trail.plist */ = {isa = PBXFileReference; fileEncoding = 4; lastKnownFileType = text.plist.xml; path = OwensFiller_Trail.plist; sourceTree = "<group>"; };
		CF4E24BC22398145006BCFA4 /* CenterStreet_IPS.plist */ = {isa = PBXFileReference; fileEncoding = 4; lastKnownFileType = text.plist.xml; path = CenterStreet_IPS.plist; sourceTree = "<group>"; };
		CF4E24BD22398145006BCFA4 /* FrontStreet_IPS.plist */ = {isa = PBXFileReference; fileEncoding = 4; lastKnownFileType = text.plist.xml; path = FrontStreet_IPS.plist; sourceTree = "<group>"; };
		CF4E24BE22398145006BCFA4 /* TreetopsWay_IPS.plist */ = {isa = PBXFileReference; fileEncoding = 4; lastKnownFileType = text.plist.xml; path = TreetopsWay_IPS.plist; sourceTree = "<group>"; };
		CF4E24BF22398145006BCFA4 /* ParkWay_IPS.plist */ = {isa = PBXFileReference; fileEncoding = 4; lastKnownFileType = text.plist.xml; path = ParkWay_IPS.plist; sourceTree = "<group>"; };
		CF4E24C122398145006BCFA4 /* AviaryEscalator_Transport.plist */ = {isa = PBXFileReference; fileEncoding = 4; lastKnownFileType = text.plist.xml; path = AviaryEscalator_Transport.plist; sourceTree = "<group>"; };
		CF4E24C222398145006BCFA4 /* Skyline_Transport.plist */ = {isa = PBXFileReference; fileEncoding = 4; lastKnownFileType = text.plist.xml; path = Skyline_Transport.plist; sourceTree = "<group>"; };
		CF4E24C322398145006BCFA4 /* BashorBridge_Transport.plist */ = {isa = PBXFileReference; fileEncoding = 4; lastKnownFileType = text.plist.xml; path = BashorBridge_Transport.plist; sourceTree = "<group>"; };
		CF4E24C522398145006BCFA4 /* ZooPlace_Road.plist */ = {isa = PBXFileReference; fileEncoding = 4; lastKnownFileType = text.plist.xml; path = ZooPlace_Road.plist; sourceTree = "<group>"; };
		CF4E24C622398145006BCFA4 /* ParkingLotGrid.plist */ = {isa = PBXFileReference; fileEncoding = 4; lastKnownFileType = text.plist.xml; path = ParkingLotGrid.plist; sourceTree = "<group>"; };
		CF4E24C722398145006BCFA4 /* ZooDrive_Road.plist */ = {isa = PBXFileReference; fileEncoding = 4; lastKnownFileType = text.plist.xml; path = ZooDrive_Road.plist; sourceTree = "<group>"; };
		CF4E24EE223982E6006BCFA4 /* Routes.swift */ = {isa = PBXFileReference; lastKnownFileType = sourcecode.swift; path = Routes.swift; sourceTree = "<group>"; };
		CF4E24F0223986A6006BCFA4 /* ZooPolyline.swift */ = {isa = PBXFileReference; lastKnownFileType = sourcecode.swift; path = ZooPolyline.swift; sourceTree = "<group>"; };
		CF7448C222416C1900C34E6B /* filterSearchObjects.swift */ = {isa = PBXFileReference; lastKnownFileType = sourcecode.swift; path = filterSearchObjects.swift; sourceTree = "<group>"; };
		CF7448C422418C8400C34E6B /* SearchTypeCollectionViewCell.swift */ = {isa = PBXFileReference; lastKnownFileType = sourcecode.swift; path = SearchTypeCollectionViewCell.swift; sourceTree = "<group>"; };
		CFD465532236E4AC0073E3FD /* SanDiegoZooSample.app */ = {isa = PBXFileReference; explicitFileType = wrapper.application; includeInIndex = 0; path = SanDiegoZooSample.app; sourceTree = BUILT_PRODUCTS_DIR; };
		CFD465562236E4AC0073E3FD /* AppDelegate.swift */ = {isa = PBXFileReference; lastKnownFileType = sourcecode.swift; path = AppDelegate.swift; sourceTree = "<group>"; };
		CFD465582236E4AC0073E3FD /* SearchViewController.swift */ = {isa = PBXFileReference; lastKnownFileType = sourcecode.swift; path = SearchViewController.swift; sourceTree = "<group>"; };
		CFD4655B2236E4AC0073E3FD /* Base */ = {isa = PBXFileReference; lastKnownFileType = file.storyboard; name = Base; path = Base.lproj/Main.storyboard; sourceTree = "<group>"; };
		CFD4655D2236E4AF0073E3FD /* Assets.xcassets */ = {isa = PBXFileReference; lastKnownFileType = folder.assetcatalog; path = Assets.xcassets; sourceTree = "<group>"; };
		CFD465602236E4AF0073E3FD /* Base */ = {isa = PBXFileReference; lastKnownFileType = file.storyboard; name = Base; path = Base.lproj/LaunchScreen.storyboard; sourceTree = "<group>"; };
		CFD465622236E4AF0073E3FD /* Info.plist */ = {isa = PBXFileReference; lastKnownFileType = text.plist.xml; path = Info.plist; sourceTree = "<group>"; };
		CFD465692236E4D10073E3FD /* Zoo.swift */ = {isa = PBXFileReference; lastKnownFileType = sourcecode.swift; path = Zoo.swift; sourceTree = "<group>"; };
		CFD4656B2236E6760073E3FD /* Animal.swift */ = {isa = PBXFileReference; lastKnownFileType = sourcecode.swift; path = Animal.swift; sourceTree = "<group>"; };
		CFD4656D2236E68B0073E3FD /* ZooObject.swift */ = {isa = PBXFileReference; lastKnownFileType = sourcecode.swift; path = ZooObject.swift; sourceTree = "<group>"; };
		CFD4656F2236E6A80073E3FD /* Dining.swift */ = {isa = PBXFileReference; lastKnownFileType = sourcecode.swift; path = Dining.swift; sourceTree = "<group>"; };
		CFD465712236E7040073E3FD /* Restroom.swift */ = {isa = PBXFileReference; lastKnownFileType = sourcecode.swift; path = Restroom.swift; sourceTree = "<group>"; };
		CFD465732236E79E0073E3FD /* WaterFountain.swift */ = {isa = PBXFileReference; lastKnownFileType = sourcecode.swift; path = WaterFountain.swift; sourceTree = "<group>"; };
		CFD465752236E8550073E3FD /* MapLocation.swift */ = {isa = PBXFileReference; lastKnownFileType = sourcecode.swift; path = MapLocation.swift; sourceTree = "<group>"; };
		CFD465772236E8E70073E3FD /* ParkingLotSign.swift */ = {isa = PBXFileReference; lastKnownFileType = sourcecode.swift; path = ParkingLotSign.swift; sourceTree = "<group>"; };
		CFD4657A2236E9460073E3FD /* AnimalData.swift */ = {isa = PBXFileReference; lastKnownFileType = sourcecode.swift; path = AnimalData.swift; sourceTree = "<group>"; };
		CFD4657E2236F5530073E3FD /* ZooArea.swift */ = {isa = PBXFileReference; lastKnownFileType = sourcecode.swift; path = ZooArea.swift; sourceTree = "<group>"; };
		CFD465802236F7830073E3FD /* DiningData.swift */ = {isa = PBXFileReference; lastKnownFileType = sourcecode.swift; path = DiningData.swift; sourceTree = "<group>"; };
		CFD465822236F8B60073E3FD /* RestroomData.swift */ = {isa = PBXFileReference; lastKnownFileType = sourcecode.swift; path = RestroomData.swift; sourceTree = "<group>"; };
		CFD465842236F9590073E3FD /* WaterFountainData.swift */ = {isa = PBXFileReference; lastKnownFileType = sourcecode.swift; path = WaterFountainData.swift; sourceTree = "<group>"; };
		CFD465862236FA410073E3FD /* MapLocationData.swift */ = {isa = PBXFileReference; lastKnownFileType = sourcecode.swift; path = MapLocationData.swift; sourceTree = "<group>"; };
		CFD465882236FC3F0073E3FD /* ParkingLotSignData.swift */ = {isa = PBXFileReference; lastKnownFileType = sourcecode.swift; path = ParkingLotSignData.swift; sourceTree = "<group>"; };
		CFD4658B2236FD280073E3FD /* MapViewController.swift */ = {isa = PBXFileReference; lastKnownFileType = sourcecode.swift; path = MapViewController.swift; sourceTree = "<group>"; };
		CFD4658D223703DF0073E3FD /* ObjectDetailViewController.swift */ = {isa = PBXFileReference; lastKnownFileType = sourcecode.swift; path = ObjectDetailViewController.swift; sourceTree = "<group>"; };
		CFD46590223748960073E3FD /* ZooObjectTableViewCell.swift */ = {isa = PBXFileReference; lastKnownFileType = sourcecode.swift; path = ZooObjectTableViewCell.swift; sourceTree = "<group>"; };
		CFD4659422381F9B0073E3FD /* HomeViewController.swift */ = {isa = PBXFileReference; lastKnownFileType = sourcecode.swift; path = HomeViewController.swift; sourceTree = "<group>"; };
		CFD46596223825A20073E3FD /* ExperiencesViewController.swift */ = {isa = PBXFileReference; lastKnownFileType = sourcecode.swift; path = ExperiencesViewController.swift; sourceTree = "<group>"; };
		CFD46598223826140073E3FD /* Experience.swift */ = {isa = PBXFileReference; lastKnownFileType = sourcecode.swift; path = Experience.swift; sourceTree = "<group>"; };
		CFD4659A223826650073E3FD /* ExperienceType.swift */ = {isa = PBXFileReference; lastKnownFileType = sourcecode.swift; path = ExperienceType.swift; sourceTree = "<group>"; };
		CFD4659C223826E60073E3FD /* ExperienceTableViewCell.swift */ = {isa = PBXFileReference; lastKnownFileType = sourcecode.swift; path = ExperienceTableViewCell.swift; sourceTree = "<group>"; };
		CFD4659E2238285B0073E3FD /* ExperienceData.swift */ = {isa = PBXFileReference; lastKnownFileType = sourcecode.swift; path = ExperienceData.swift; sourceTree = "<group>"; };
		CFD465A0223854B90073E3FD /* ExperienceDetailViewController.swift */ = {isa = PBXFileReference; lastKnownFileType = sourcecode.swift; path = ExperienceDetailViewController.swift; sourceTree = "<group>"; };
		CFD465A22238CD5A0073E3FD /* MapViewZoomInterceptor.swift */ = {isa = PBXFileReference; lastKnownFileType = sourcecode.swift; path = MapViewZoomInterceptor.swift; sourceTree = "<group>"; };
		CFD465A42238CD8A0073E3FD /* WildCardGestureRecognizer.swift */ = {isa = PBXFileReference; lastKnownFileType = sourcecode.swift; path = WildCardGestureRecognizer.swift; sourceTree = "<group>"; };
		CFD465A62238CE020073E3FD /* ZooOverlay.swift */ = {isa = PBXFileReference; lastKnownFileType = sourcecode.swift; path = ZooOverlay.swift; sourceTree = "<group>"; };
		CFD465A82238CE630073E3FD /* ConstantSizePolyline.swift */ = {isa = PBXFileReference; lastKnownFileType = sourcecode.swift; path = ConstantSizePolyline.swift; sourceTree = "<group>"; };
		CFD465AA2238CEBF0073E3FD /* ZooAnnotationView.swift */ = {isa = PBXFileReference; lastKnownFileType = sourcecode.swift; path = ZooAnnotationView.swift; sourceTree = "<group>"; };
		CFD465AC2238CEED0073E3FD /* Colors.swift */ = {isa = PBXFileReference; lastKnownFileType = sourcecode.swift; path = Colors.swift; sourceTree = "<group>"; };
		CFD465AE2238D05E0073E3FD /* ZooAnnotation.swift */ = {isa = PBXFileReference; lastKnownFileType = sourcecode.swift; path = ZooAnnotation.swift; sourceTree = "<group>"; };
		CFD89779223C22470073FE49 /* CustomTabBarController.swift */ = {isa = PBXFileReference; lastKnownFileType = sourcecode.swift; path = CustomTabBarController.swift; sourceTree = "<group>"; };
		CFD8977B223C75570073FE49 /* Extensions.swift */ = {isa = PBXFileReference; lastKnownFileType = sourcecode.swift; path = Extensions.swift; sourceTree = "<group>"; };
/* End PBXFileReference section */

/* Begin PBXFrameworksBuildPhase section */
		CFD465502236E4AC0073E3FD /* Frameworks */ = {
			isa = PBXFrameworksBuildPhase;
			buildActionMask = 2147483647;
			files = (
				9216C9ED2980F1E71D509D8C /* Pods_SanDiegoZooSample.framework in Frameworks */,
			);
			runOnlyForDeploymentPostprocessing = 0;
		};
/* End PBXFrameworksBuildPhase section */

/* Begin PBXGroup section */
		61FBB032EB6A649A377CE4BD /* Frameworks */ = {
			isa = PBXGroup;
			children = (
				461B71F0CFF5E12132B36F28 /* Pods_SanDiegoZooSample.framework */,
			);
			name = Frameworks;
			sourceTree = "<group>";
		};
		CF02A27F223FF8ED00F84F47 /* Menus */ = {
			isa = PBXGroup;
			children = (
				CF02A280223FF8ED00F84F47 /* Jungle Java_Menu.pdf */,
				CF02A281223FF8ED00F84F47 /* Safari Kitchen Café_Menu.pdf */,
				CF02A282223FF8ED00F84F47 /* Treetops Café_Menu.pdf */,
				CF02A283223FF8ED00F84F47 /* Albert's Restaurant_Menu.pdf */,
				CF02A284223FF8ED00F84F47 /* Sydney's Grill_Menu.pdf */,
				CF02A285223FF8ED00F84F47 /* Lagoon Terrace_Menu.pdf */,
				CF02A286223FF8ED00F84F47 /* Hua Mei Café_Menu.pdf */,
				CF02A287223FF8ED00F84F47 /* Poppy's Patio_Menu.pdf */,
				CF02A288223FF8ED00F84F47 /* Sabertooth Grill_Menu.pdf */,
				CF02A289223FF8ED00F84F47 /* Zoo Brew_Menu.pdf */,
				CF02A28A223FF8ED00F84F47 /* San Diego Zoo Sandwich Company_Menu.pdf */,
				CF02A28B223FF8ED00F84F47 /* Front Street Café_Menu.pdf */,
			);
			path = Menus;
			sourceTree = "<group>";
		};
		CF4E249D22398145006BCFA4 /* Routes */ = {
			isa = PBXGroup;
			children = (
				CF4E24EE223982E6006BCFA4 /* Routes.swift */,
				CF4E249E22398145006BCFA4 /* Trails */,
				CF4E24BB22398145006BCFA4 /* In-Park Streets */,
				CF4E24C022398145006BCFA4 /* Transport */,
				CF4E24C422398145006BCFA4 /* Roads */,
			);
			path = Routes;
			sourceTree = "<group>";
		};
		CF4E249E22398145006BCFA4 /* Trails */ = {
			isa = PBXGroup;
			children = (
				CF4E249F22398145006BCFA4 /* Main Trails */,
				CF4E24B022398145006BCFA4 /* Unnamed Filler Trails */,
			);
			path = Trails;
			sourceTree = "<group>";
		};
		CF4E249F22398145006BCFA4 /* Main Trails */ = {
			isa = PBXGroup;
			children = (
				CF4E24A022398145006BCFA4 /* Tiger_Trail.plist */,
				CF4E24A122398145006BCFA4 /* Hippo_Trail.plist */,
				CF4E24A222398145006BCFA4 /* NorthernFrontier_Trail.plist */,
				CF4E24A322398145006BCFA4 /* AsianLeopards_Trail.plist */,
				CF4E24A422398145006BCFA4 /* FernCanyon_Trail.plist */,
				CF4E24A522398145006BCFA4 /* Monkey_Trail.plist */,
				CF4E24A622398145006BCFA4 /* OwensAviary_Trail.plist */,
				CF4E24A722398145006BCFA4 /* UrbanJungle_Trail.plist */,
				CF4E24A822398145006BCFA4 /* Panda_Trail.plist */,
				CF4E24A922398145006BCFA4 /* ChildrenZoo_Trail.plist */,
				CF4E24AA22398145006BCFA4 /* TerraceLagoon_Trail.plist */,
				CF4E24AB22398145006BCFA4 /* ParkerAviary_Trail.plist */,
				CF4E24AC22398145006BCFA4 /* ElephantOdyssey_Trail.plist */,
				CF4E24AD22398145006BCFA4 /* AfricaRocks_Trail.plist */,
				CF4E24AE22398145006BCFA4 /* SunBear_Trail.plist */,
				CF4E24AF22398145006BCFA4 /* Orangutan_Trail.plist */,
			);
			path = "Main Trails";
			sourceTree = "<group>";
		};
		CF4E24B022398145006BCFA4 /* Unnamed Filler Trails */ = {
			isa = PBXGroup;
			children = (
				CF4E24B122398145006BCFA4 /* AfricanWaterfall_Trail.plist */,
				CF4E24B222398145006BCFA4 /* MonkeyHippoConnection_Trail.plist */,
				CF4E24B322398145006BCFA4 /* Connection_Gorilla_Monkey_Trail.plist */,
				CF4E24B422398145006BCFA4 /* BusLoadingPath_Trail.plist */,
				CF4E24B522398145006BCFA4 /* KoalaCenter_Trail.plist */,
				CF4E24B622398145006BCFA4 /* AlbertHippoConnection_Trail.plist */,
				CF4E24B722398145006BCFA4 /* SouthofAlberts_Trail.plist */,
				CF4E24B822398145006BCFA4 /* Tazmanian_Trail.plist */,
				CF4E24B922398145006BCFA4 /* Reptiles_Trail.plist */,
				CF4E24BA22398145006BCFA4 /* OwensFiller_Trail.plist */,
			);
			path = "Unnamed Filler Trails";
			sourceTree = "<group>";
		};
		CF4E24BB22398145006BCFA4 /* In-Park Streets */ = {
			isa = PBXGroup;
			children = (
				CF4E24BC22398145006BCFA4 /* CenterStreet_IPS.plist */,
				CF4E24BD22398145006BCFA4 /* FrontStreet_IPS.plist */,
				CF4E24BE22398145006BCFA4 /* TreetopsWay_IPS.plist */,
				CF4E24BF22398145006BCFA4 /* ParkWay_IPS.plist */,
			);
			path = "In-Park Streets";
			sourceTree = "<group>";
		};
		CF4E24C022398145006BCFA4 /* Transport */ = {
			isa = PBXGroup;
			children = (
				CF4E24C122398145006BCFA4 /* AviaryEscalator_Transport.plist */,
				CF4E24C222398145006BCFA4 /* Skyline_Transport.plist */,
				CF4E24C322398145006BCFA4 /* BashorBridge_Transport.plist */,
			);
			path = Transport;
			sourceTree = "<group>";
		};
		CF4E24C422398145006BCFA4 /* Roads */ = {
			isa = PBXGroup;
			children = (
				CF4E24C522398145006BCFA4 /* ZooPlace_Road.plist */,
				CF4E24C622398145006BCFA4 /* ParkingLotGrid.plist */,
				CF4E24C722398145006BCFA4 /* ZooDrive_Road.plist */,
			);
			path = Roads;
			sourceTree = "<group>";
		};
		CFD4654A2236E4AC0073E3FD = {
			isa = PBXGroup;
			children = (
				CFD465552236E4AC0073E3FD /* SanDiegoZooSample */,
				CFD465682236E4BE0073E3FD /* Models */,
				CFD4658F223748770073E3FD /* Views */,
				CFD4658A2236FD0F0073E3FD /* Controllers */,
				CFD465792236E9310073E3FD /* Resources */,
				CFD465542236E4AC0073E3FD /* Products */,
				EC7D10396197534A9B171375 /* Pods */,
				61FBB032EB6A649A377CE4BD /* Frameworks */,
			);
			sourceTree = "<group>";
		};
		CFD465542236E4AC0073E3FD /* Products */ = {
			isa = PBXGroup;
			children = (
				CFD465532236E4AC0073E3FD /* SanDiegoZooSample.app */,
			);
			name = Products;
			sourceTree = "<group>";
		};
		CFD465552236E4AC0073E3FD /* SanDiegoZooSample */ = {
			isa = PBXGroup;
			children = (
				CFD465562236E4AC0073E3FD /* AppDelegate.swift */,
				CFD4655A2236E4AC0073E3FD /* Main.storyboard */,
				CFD4655D2236E4AF0073E3FD /* Assets.xcassets */,
				CF4E249B2239744A006BCFA4 /* zoo_tiles */,
				CFD4655F2236E4AF0073E3FD /* LaunchScreen.storyboard */,
				CFD465622236E4AF0073E3FD /* Info.plist */,
			);
			path = SanDiegoZooSample;
			sourceTree = "<group>";
		};
		CFD465682236E4BE0073E3FD /* Models */ = {
			isa = PBXGroup;
			children = (
				CFD465692236E4D10073E3FD /* Zoo.swift */,
				CFD4656D2236E68B0073E3FD /* ZooObject.swift */,
				CFD4657E2236F5530073E3FD /* ZooArea.swift */,
				CFD4656B2236E6760073E3FD /* Animal.swift */,
				CF03945A2244B32000FA8C5A /* Aviary.swift */,
				CFD4656F2236E6A80073E3FD /* Dining.swift */,
				CF0394562244B0B000FA8C5A /* Shopping.swift */,
				CF0394522244AD5400FA8C5A /* Catering.swift */,
				CFD465712236E7040073E3FD /* Restroom.swift */,
				CFD465732236E79E0073E3FD /* WaterFountain.swift */,
				CFD465752236E8550073E3FD /* MapLocation.swift */,
				CFD465772236E8E70073E3FD /* ParkingLotSign.swift */,
				CFD46598223826140073E3FD /* Experience.swift */,
				CFD4659A223826650073E3FD /* ExperienceType.swift */,
			);
			path = Models;
			sourceTree = "<group>";
		};
		CFD465792236E9310073E3FD /* Resources */ = {
			isa = PBXGroup;
			children = (
				CFD4657A2236E9460073E3FD /* AnimalData.swift */,
				CF03945C2244B40000FA8C5A /* AviaryData.swift */,
				CFD465802236F7830073E3FD /* DiningData.swift */,
				CF0394542244AEF500FA8C5A /* CateringData.swift */,
				CF03945E2244B66D00FA8C5A /* GeneralData.swift */,
				CF0394582244B13600FA8C5A /* ShoppingData.swift */,
				CFD465822236F8B60073E3FD /* RestroomData.swift */,
				CFD465842236F9590073E3FD /* WaterFountainData.swift */,
				CFD465862236FA410073E3FD /* MapLocationData.swift */,
				CFD465882236FC3F0073E3FD /* ParkingLotSignData.swift */,
				CFD4659E2238285B0073E3FD /* ExperienceData.swift */,
				CFD465AC2238CEED0073E3FD /* Colors.swift */,
				CF02A27F223FF8ED00F84F47 /* Menus */,
				CF4E249D22398145006BCFA4 /* Routes */,
			);
			path = Resources;
			sourceTree = "<group>";
		};
		CFD4658A2236FD0F0073E3FD /* Controllers */ = {
			isa = PBXGroup;
			children = (
				CFD89779223C22470073FE49 /* CustomTabBarController.swift */,
				CFD4658B2236FD280073E3FD /* MapViewController.swift */,
				CF02A29E22403CB600F84F47 /* filterObjects.swift */,
				CF02A29A2240082000F84F47 /* PickAreaViewController.swift */,
				CFD465A22238CD5A0073E3FD /* MapViewZoomInterceptor.swift */,
				CFD465A42238CD8A0073E3FD /* WildCardGestureRecognizer.swift */,
				CFD4659422381F9B0073E3FD /* HomeViewController.swift */,
				CFD46596223825A20073E3FD /* ExperiencesViewController.swift */,
				CFD465A0223854B90073E3FD /* ExperienceDetailViewController.swift */,
				CFD465582236E4AC0073E3FD /* SearchViewController.swift */,
				CF7448C222416C1900C34E6B /* filterSearchObjects.swift */,
				CFD4658D223703DF0073E3FD /* ObjectDetailViewController.swift */,
				CF02A27D223FF60100F84F47 /* MenuViewController.swift */,
			);
			path = Controllers;
			sourceTree = "<group>";
		};
		CFD4658F223748770073E3FD /* Views */ = {
			isa = PBXGroup;
			children = (
				CFD46590223748960073E3FD /* ZooObjectTableViewCell.swift */,
				CFD4659C223826E60073E3FD /* ExperienceTableViewCell.swift */,
				CFD465A62238CE020073E3FD /* ZooOverlay.swift */,
				CF4E24F0223986A6006BCFA4 /* ZooPolyline.swift */,
				CFD465A82238CE630073E3FD /* ConstantSizePolyline.swift */,
				CFD465AE2238D05E0073E3FD /* ZooAnnotation.swift */,
				CFD465AA2238CEBF0073E3FD /* ZooAnnotationView.swift */,
				CF02A298224007C400F84F47 /* ZooAreaPickerView.swift */,
				CF7448C422418C8400C34E6B /* SearchTypeCollectionViewCell.swift */,
				CF02A29C2240226900F84F47 /* getZooAreaColor.swift */,
				CFD8977B223C75570073FE49 /* Extensions.swift */,
			);
			path = Views;
			sourceTree = "<group>";
		};
		EC7D10396197534A9B171375 /* Pods */ = {
			isa = PBXGroup;
			children = (
				ADE7C0DB47DE47BEAB75300E /* Pods-SanDiegoZooSample.debug.xcconfig */,
				6B7C87643221633C737CDF12 /* Pods-SanDiegoZooSample.release.xcconfig */,
			);
			name = Pods;
			sourceTree = "<group>";
		};
/* End PBXGroup section */

/* Begin PBXNativeTarget section */
		CFD465522236E4AC0073E3FD /* SanDiegoZooSample */ = {
			isa = PBXNativeTarget;
			buildConfigurationList = CFD465652236E4AF0073E3FD /* Build configuration list for PBXNativeTarget "SanDiegoZooSample" */;
			buildPhases = (
				5CFBB7D2E6A79A15E4E54BB9 /* [CP] Check Pods Manifest.lock */,
				CFD4654F2236E4AC0073E3FD /* Sources */,
				CFD465502236E4AC0073E3FD /* Frameworks */,
				CFD465512236E4AC0073E3FD /* Resources */,
				1E9D5CDBF01388CEBFB06CD2 /* [CP] Embed Pods Frameworks */,
			);
			buildRules = (
			);
			dependencies = (
			);
			name = SanDiegoZooSample;
			productName = SanDiegoZooSample;
			productReference = CFD465532236E4AC0073E3FD /* SanDiegoZooSample.app */;
			productType = "com.apple.product-type.application";
		};
/* End PBXNativeTarget section */

/* Begin PBXProject section */
		CFD4654B2236E4AC0073E3FD /* Project object */ = {
			isa = PBXProject;
			attributes = {
				LastSwiftUpdateCheck = 1010;
				LastUpgradeCheck = 1010;
				ORGANIZATIONNAME = "Wilson Desimini";
				TargetAttributes = {
					CFD465522236E4AC0073E3FD = {
						CreatedOnToolsVersion = 10.1;
					};
				};
			};
			buildConfigurationList = CFD4654E2236E4AC0073E3FD /* Build configuration list for PBXProject "SanDiegoZooSample" */;
			compatibilityVersion = "Xcode 9.3";
			developmentRegion = en;
			hasScannedForEncodings = 0;
			knownRegions = (
				en,
				Base,
			);
			mainGroup = CFD4654A2236E4AC0073E3FD;
			productRefGroup = CFD465542236E4AC0073E3FD /* Products */;
			projectDirPath = "";
			projectRoot = "";
			targets = (
				CFD465522236E4AC0073E3FD /* SanDiegoZooSample */,
			);
		};
/* End PBXProject section */

/* Begin PBXResourcesBuildPhase section */
		CFD465512236E4AC0073E3FD /* Resources */ = {
			isa = PBXResourcesBuildPhase;
			buildActionMask = 2147483647;
			files = (
				CF4E24DD22398145006BCFA4 /* AlbertHippoConnection_Trail.plist in Resources */,
				CF4E24D822398145006BCFA4 /* AfricanWaterfall_Trail.plist in Resources */,
				CF4E24D522398145006BCFA4 /* AfricaRocks_Trail.plist in Resources */,
				CF4E24E522398145006BCFA4 /* ParkWay_IPS.plist in Resources */,
				CF4E24C822398145006BCFA4 /* Tiger_Trail.plist in Resources */,
				CF4E24E622398145006BCFA4 /* AviaryEscalator_Transport.plist in Resources */,
				CF4E24D222398145006BCFA4 /* TerraceLagoon_Trail.plist in Resources */,
				CF4E24DB22398145006BCFA4 /* BusLoadingPath_Trail.plist in Resources */,
				CF02A296223FF8ED00F84F47 /* San Diego Zoo Sandwich Company_Menu.pdf in Resources */,
				CF4E24E722398145006BCFA4 /* Skyline_Transport.plist in Resources */,
				CF02A28D223FF8ED00F84F47 /* Safari Kitchen Café_Menu.pdf in Resources */,
				CF02A297223FF8ED00F84F47 /* Front Street Café_Menu.pdf in Resources */,
				CF4E24CF22398145006BCFA4 /* UrbanJungle_Trail.plist in Resources */,
				CF02A28E223FF8ED00F84F47 /* Treetops Café_Menu.pdf in Resources */,
				CFD465612236E4AF0073E3FD /* LaunchScreen.storyboard in Resources */,
				CF4E24EA22398145006BCFA4 /* ParkingLotGrid.plist in Resources */,
				CF02A294223FF8ED00F84F47 /* Sabertooth Grill_Menu.pdf in Resources */,
				CF4E24CE22398145006BCFA4 /* OwensAviary_Trail.plist in Resources */,
				CF4E24CC22398145006BCFA4 /* FernCanyon_Trail.plist in Resources */,
				CF4E24C922398145006BCFA4 /* Hippo_Trail.plist in Resources */,
				CF02A293223FF8ED00F84F47 /* Poppy's Patio_Menu.pdf in Resources */,
				CF4E24E022398145006BCFA4 /* Reptiles_Trail.plist in Resources */,
				CF4E24D022398145006BCFA4 /* Panda_Trail.plist in Resources */,
				CF4E249C2239744A006BCFA4 /* zoo_tiles in Resources */,
				CF4E24DF22398145006BCFA4 /* Tazmanian_Trail.plist in Resources */,
				CF02A295223FF8ED00F84F47 /* Zoo Brew_Menu.pdf in Resources */,
				CF4E24CB22398145006BCFA4 /* AsianLeopards_Trail.plist in Resources */,
				CF4E24E822398145006BCFA4 /* BashorBridge_Transport.plist in Resources */,
				CF4E24DE22398145006BCFA4 /* SouthofAlberts_Trail.plist in Resources */,
				CF4E24E922398145006BCFA4 /* ZooPlace_Road.plist in Resources */,
				CF4E24DA22398145006BCFA4 /* Connection_Gorilla_Monkey_Trail.plist in Resources */,
				CF4E24DC22398145006BCFA4 /* KoalaCenter_Trail.plist in Resources */,
				CF4E24CD22398145006BCFA4 /* Monkey_Trail.plist in Resources */,
				CF4E24E222398145006BCFA4 /* CenterStreet_IPS.plist in Resources */,
				CF4E24E422398145006BCFA4 /* TreetopsWay_IPS.plist in Resources */,
				CF4E24EB22398145006BCFA4 /* ZooDrive_Road.plist in Resources */,
				CF02A290223FF8ED00F84F47 /* Sydney's Grill_Menu.pdf in Resources */,
				CF4E24E122398145006BCFA4 /* OwensFiller_Trail.plist in Resources */,
				CF02A291223FF8ED00F84F47 /* Lagoon Terrace_Menu.pdf in Resources */,
				CF4E24D422398145006BCFA4 /* ElephantOdyssey_Trail.plist in Resources */,
				CF4E24D722398145006BCFA4 /* Orangutan_Trail.plist in Resources */,
				CF4E24D622398145006BCFA4 /* SunBear_Trail.plist in Resources */,
				CF4E24CA22398145006BCFA4 /* NorthernFrontier_Trail.plist in Resources */,
				CF4E24E322398145006BCFA4 /* FrontStreet_IPS.plist in Resources */,
				CF02A28F223FF8ED00F84F47 /* Albert's Restaurant_Menu.pdf in Resources */,
				CF02A292223FF8ED00F84F47 /* Hua Mei Café_Menu.pdf in Resources */,
				CFD4655E2236E4AF0073E3FD /* Assets.xcassets in Resources */,
				CF02A28C223FF8ED00F84F47 /* Jungle Java_Menu.pdf in Resources */,
				CFD4655C2236E4AC0073E3FD /* Main.storyboard in Resources */,
				CF4E24D922398145006BCFA4 /* MonkeyHippoConnection_Trail.plist in Resources */,
				CF4E24D322398145006BCFA4 /* ParkerAviary_Trail.plist in Resources */,
				CF4E24D122398145006BCFA4 /* ChildrenZoo_Trail.plist in Resources */,
			);
			runOnlyForDeploymentPostprocessing = 0;
		};
/* End PBXResourcesBuildPhase section */

/* Begin PBXShellScriptBuildPhase section */
		1E9D5CDBF01388CEBFB06CD2 /* [CP] Embed Pods Frameworks */ = {
			isa = PBXShellScriptBuildPhase;
			buildActionMask = 2147483647;
			files = (
			);
			inputFileListPaths = (
			);
			inputPaths = (
				"${SRCROOT}/Pods/Target Support Files/Pods-SanDiegoZooSample/Pods-SanDiegoZooSample-frameworks.sh",
				"${BUILT_PRODUCTS_DIR}/DropDown/DropDown.framework",
			);
			name = "[CP] Embed Pods Frameworks";
			outputFileListPaths = (
			);
			outputPaths = (
				"${TARGET_BUILD_DIR}/${FRAMEWORKS_FOLDER_PATH}/DropDown.framework",
			);
			runOnlyForDeploymentPostprocessing = 0;
			shellPath = /bin/sh;
			shellScript = "\"${SRCROOT}/Pods/Target Support Files/Pods-SanDiegoZooSample/Pods-SanDiegoZooSample-frameworks.sh\"\n";
			showEnvVarsInLog = 0;
		};
		5CFBB7D2E6A79A15E4E54BB9 /* [CP] Check Pods Manifest.lock */ = {
			isa = PBXShellScriptBuildPhase;
			buildActionMask = 2147483647;
			files = (
			);
			inputFileListPaths = (
			);
			inputPaths = (
				"${PODS_PODFILE_DIR_PATH}/Podfile.lock",
				"${PODS_ROOT}/Manifest.lock",
			);
			name = "[CP] Check Pods Manifest.lock";
			outputFileListPaths = (
			);
			outputPaths = (
				"$(DERIVED_FILE_DIR)/Pods-SanDiegoZooSample-checkManifestLockResult.txt",
			);
			runOnlyForDeploymentPostprocessing = 0;
			shellPath = /bin/sh;
			shellScript = "diff \"${PODS_PODFILE_DIR_PATH}/Podfile.lock\" \"${PODS_ROOT}/Manifest.lock\" > /dev/null\nif [ $? != 0 ] ; then\n    # print error to STDERR\n    echo \"error: The sandbox is not in sync with the Podfile.lock. Run 'pod install' or update your CocoaPods installation.\" >&2\n    exit 1\nfi\n# This output is used by Xcode 'outputs' to avoid re-running this script phase.\necho \"SUCCESS\" > \"${SCRIPT_OUTPUT_FILE_0}\"\n";
			showEnvVarsInLog = 0;
		};
/* End PBXShellScriptBuildPhase section */

/* Begin PBXSourcesBuildPhase section */
		CFD4654F2236E4AC0073E3FD /* Sources */ = {
			isa = PBXSourcesBuildPhase;
			buildActionMask = 2147483647;
			files = (
				CF0394592244B13600FA8C5A /* ShoppingData.swift in Sources */,
				CFD465812236F7830073E3FD /* DiningData.swift in Sources */,
				CFD46597223825A20073E3FD /* ExperiencesViewController.swift in Sources */,
				CFD465AD2238CEED0073E3FD /* Colors.swift in Sources */,
				CFD465A52238CD8A0073E3FD /* WildCardGestureRecognizer.swift in Sources */,
				CF4E24F1223986A6006BCFA4 /* ZooPolyline.swift in Sources */,
				CFD46599223826140073E3FD /* Experience.swift in Sources */,
				CFD465A72238CE020073E3FD /* ZooOverlay.swift in Sources */,
				CF7448C522418C8400C34E6B /* SearchTypeCollectionViewCell.swift in Sources */,
				CF7448C322416C1900C34E6B /* filterSearchObjects.swift in Sources */,
				CFD465A92238CE630073E3FD /* ConstantSizePolyline.swift in Sources */,
				CFD465832236F8B60073E3FD /* RestroomData.swift in Sources */,
				CF03945F2244B66D00FA8C5A /* GeneralData.swift in Sources */,
				CF02A299224007C400F84F47 /* ZooAreaPickerView.swift in Sources */,
				CFD4658E223703DF0073E3FD /* ObjectDetailViewController.swift in Sources */,
				CFD465702236E6A80073E3FD /* Dining.swift in Sources */,
				CFD465852236F9590073E3FD /* WaterFountainData.swift in Sources */,
				CFD465AF2238D05E0073E3FD /* ZooAnnotation.swift in Sources */,
				CF03945D2244B40000FA8C5A /* AviaryData.swift in Sources */,
				CFD4657F2236F5530073E3FD /* ZooArea.swift in Sources */,
				CF02A29D2240226900F84F47 /* getZooAreaColor.swift in Sources */,
				CFD4659522381F9B0073E3FD /* HomeViewController.swift in Sources */,
				CFD4657B2236E9460073E3FD /* AnimalData.swift in Sources */,
				CFD465592236E4AC0073E3FD /* SearchViewController.swift in Sources */,
				CF4E24EF223982E6006BCFA4 /* Routes.swift in Sources */,
				CFD4659F2238285B0073E3FD /* ExperienceData.swift in Sources */,
				CFD465A1223854B90073E3FD /* ExperienceDetailViewController.swift in Sources */,
				CF02A29B2240082000F84F47 /* PickAreaViewController.swift in Sources */,
				CFD4656C2236E6760073E3FD /* Animal.swift in Sources */,
				CF03945B2244B32000FA8C5A /* Aviary.swift in Sources */,
				CFD8977A223C22470073FE49 /* CustomTabBarController.swift in Sources */,
				CF0394572244B0B000FA8C5A /* Shopping.swift in Sources */,
				CFD46591223748960073E3FD /* ZooObjectTableViewCell.swift in Sources */,
				CFD465782236E8E70073E3FD /* ParkingLotSign.swift in Sources */,
				CFD465892236FC3F0073E3FD /* ParkingLotSignData.swift in Sources */,
				CFD465AB2238CEBF0073E3FD /* ZooAnnotationView.swift in Sources */,
				CFD465A32238CD5A0073E3FD /* MapViewZoomInterceptor.swift in Sources */,
				CFD465872236FA410073E3FD /* MapLocationData.swift in Sources */,
				CF0394532244AD5400FA8C5A /* Catering.swift in Sources */,
				CFD4659B223826650073E3FD /* ExperienceType.swift in Sources */,
				CF0394552244AEF500FA8C5A /* CateringData.swift in Sources */,
				CFD465722236E7040073E3FD /* Restroom.swift in Sources */,
				CF02A27E223FF60100F84F47 /* MenuViewController.swift in Sources */,
				CFD465762236E8550073E3FD /* MapLocation.swift in Sources */,
				CFD4658C2236FD280073E3FD /* MapViewController.swift in Sources */,
				CFD465572236E4AC0073E3FD /* AppDelegate.swift in Sources */,
				CFD8977C223C75570073FE49 /* Extensions.swift in Sources */,
				CFD465742236E79E0073E3FD /* WaterFountain.swift in Sources */,
				CFD4656A2236E4D10073E3FD /* Zoo.swift in Sources */,
				CFD4656E2236E68B0073E3FD /* ZooObject.swift in Sources */,
				CFD4659D223826E60073E3FD /* ExperienceTableViewCell.swift in Sources */,
				CF02A29F22403CB600F84F47 /* filterObjects.swift in Sources */,
			);
			runOnlyForDeploymentPostprocessing = 0;
		};
/* End PBXSourcesBuildPhase section */

/* Begin PBXVariantGroup section */
		CFD4655A2236E4AC0073E3FD /* Main.storyboard */ = {
			isa = PBXVariantGroup;
			children = (
				CFD4655B2236E4AC0073E3FD /* Base */,
			);
			name = Main.storyboard;
			sourceTree = "<group>";
		};
		CFD4655F2236E4AF0073E3FD /* LaunchScreen.storyboard */ = {
			isa = PBXVariantGroup;
			children = (
				CFD465602236E4AF0073E3FD /* Base */,
			);
			name = LaunchScreen.storyboard;
			sourceTree = "<group>";
		};
/* End PBXVariantGroup section */

/* Begin XCBuildConfiguration section */
		CFD465632236E4AF0073E3FD /* Debug */ = {
			isa = XCBuildConfiguration;
			buildSettings = {
				ALWAYS_SEARCH_USER_PATHS = NO;
				CLANG_ANALYZER_NONNULL = YES;
				CLANG_ANALYZER_NUMBER_OBJECT_CONVERSION = YES_AGGRESSIVE;
				CLANG_CXX_LANGUAGE_STANDARD = "gnu++14";
				CLANG_CXX_LIBRARY = "libc++";
				CLANG_ENABLE_MODULES = YES;
				CLANG_ENABLE_OBJC_ARC = YES;
				CLANG_ENABLE_OBJC_WEAK = YES;
				CLANG_WARN_BLOCK_CAPTURE_AUTORELEASING = YES;
				CLANG_WARN_BOOL_CONVERSION = YES;
				CLANG_WARN_COMMA = YES;
				CLANG_WARN_CONSTANT_CONVERSION = YES;
				CLANG_WARN_DEPRECATED_OBJC_IMPLEMENTATIONS = YES;
				CLANG_WARN_DIRECT_OBJC_ISA_USAGE = YES_ERROR;
				CLANG_WARN_DOCUMENTATION_COMMENTS = YES;
				CLANG_WARN_EMPTY_BODY = YES;
				CLANG_WARN_ENUM_CONVERSION = YES;
				CLANG_WARN_INFINITE_RECURSION = YES;
				CLANG_WARN_INT_CONVERSION = YES;
				CLANG_WARN_NON_LITERAL_NULL_CONVERSION = YES;
				CLANG_WARN_OBJC_IMPLICIT_RETAIN_SELF = YES;
				CLANG_WARN_OBJC_LITERAL_CONVERSION = YES;
				CLANG_WARN_OBJC_ROOT_CLASS = YES_ERROR;
				CLANG_WARN_RANGE_LOOP_ANALYSIS = YES;
				CLANG_WARN_STRICT_PROTOTYPES = YES;
				CLANG_WARN_SUSPICIOUS_MOVE = YES;
				CLANG_WARN_UNGUARDED_AVAILABILITY = YES_AGGRESSIVE;
				CLANG_WARN_UNREACHABLE_CODE = YES;
				CLANG_WARN__DUPLICATE_METHOD_MATCH = YES;
				CODE_SIGN_IDENTITY = "iPhone Developer";
				COPY_PHASE_STRIP = NO;
				DEBUG_INFORMATION_FORMAT = dwarf;
				ENABLE_STRICT_OBJC_MSGSEND = YES;
				ENABLE_TESTABILITY = YES;
				GCC_C_LANGUAGE_STANDARD = gnu11;
				GCC_DYNAMIC_NO_PIC = NO;
				GCC_NO_COMMON_BLOCKS = YES;
				GCC_OPTIMIZATION_LEVEL = 0;
				GCC_PREPROCESSOR_DEFINITIONS = (
					"DEBUG=1",
					"$(inherited)",
				);
				GCC_WARN_64_TO_32_BIT_CONVERSION = YES;
				GCC_WARN_ABOUT_RETURN_TYPE = YES_ERROR;
				GCC_WARN_UNDECLARED_SELECTOR = YES;
				GCC_WARN_UNINITIALIZED_AUTOS = YES_AGGRESSIVE;
				GCC_WARN_UNUSED_FUNCTION = YES;
				GCC_WARN_UNUSED_VARIABLE = YES;
				IPHONEOS_DEPLOYMENT_TARGET = 12.1;
				MTL_ENABLE_DEBUG_INFO = INCLUDE_SOURCE;
				MTL_FAST_MATH = YES;
				ONLY_ACTIVE_ARCH = YES;
				SDKROOT = iphoneos;
				SWIFT_ACTIVE_COMPILATION_CONDITIONS = DEBUG;
				SWIFT_OPTIMIZATION_LEVEL = "-Onone";
			};
			name = Debug;
		};
		CFD465642236E4AF0073E3FD /* Release */ = {
			isa = XCBuildConfiguration;
			buildSettings = {
				ALWAYS_SEARCH_USER_PATHS = NO;
				CLANG_ANALYZER_NONNULL = YES;
				CLANG_ANALYZER_NUMBER_OBJECT_CONVERSION = YES_AGGRESSIVE;
				CLANG_CXX_LANGUAGE_STANDARD = "gnu++14";
				CLANG_CXX_LIBRARY = "libc++";
				CLANG_ENABLE_MODULES = YES;
				CLANG_ENABLE_OBJC_ARC = YES;
				CLANG_ENABLE_OBJC_WEAK = YES;
				CLANG_WARN_BLOCK_CAPTURE_AUTORELEASING = YES;
				CLANG_WARN_BOOL_CONVERSION = YES;
				CLANG_WARN_COMMA = YES;
				CLANG_WARN_CONSTANT_CONVERSION = YES;
				CLANG_WARN_DEPRECATED_OBJC_IMPLEMENTATIONS = YES;
				CLANG_WARN_DIRECT_OBJC_ISA_USAGE = YES_ERROR;
				CLANG_WARN_DOCUMENTATION_COMMENTS = YES;
				CLANG_WARN_EMPTY_BODY = YES;
				CLANG_WARN_ENUM_CONVERSION = YES;
				CLANG_WARN_INFINITE_RECURSION = YES;
				CLANG_WARN_INT_CONVERSION = YES;
				CLANG_WARN_NON_LITERAL_NULL_CONVERSION = YES;
				CLANG_WARN_OBJC_IMPLICIT_RETAIN_SELF = YES;
				CLANG_WARN_OBJC_LITERAL_CONVERSION = YES;
				CLANG_WARN_OBJC_ROOT_CLASS = YES_ERROR;
				CLANG_WARN_RANGE_LOOP_ANALYSIS = YES;
				CLANG_WARN_STRICT_PROTOTYPES = YES;
				CLANG_WARN_SUSPICIOUS_MOVE = YES;
				CLANG_WARN_UNGUARDED_AVAILABILITY = YES_AGGRESSIVE;
				CLANG_WARN_UNREACHABLE_CODE = YES;
				CLANG_WARN__DUPLICATE_METHOD_MATCH = YES;
				CODE_SIGN_IDENTITY = "iPhone Developer";
				COPY_PHASE_STRIP = NO;
				DEBUG_INFORMATION_FORMAT = "dwarf-with-dsym";
				ENABLE_NS_ASSERTIONS = NO;
				ENABLE_STRICT_OBJC_MSGSEND = YES;
				GCC_C_LANGUAGE_STANDARD = gnu11;
				GCC_NO_COMMON_BLOCKS = YES;
				GCC_WARN_64_TO_32_BIT_CONVERSION = YES;
				GCC_WARN_ABOUT_RETURN_TYPE = YES_ERROR;
				GCC_WARN_UNDECLARED_SELECTOR = YES;
				GCC_WARN_UNINITIALIZED_AUTOS = YES_AGGRESSIVE;
				GCC_WARN_UNUSED_FUNCTION = YES;
				GCC_WARN_UNUSED_VARIABLE = YES;
				IPHONEOS_DEPLOYMENT_TARGET = 12.1;
				MTL_ENABLE_DEBUG_INFO = NO;
				MTL_FAST_MATH = YES;
				SDKROOT = iphoneos;
				SWIFT_COMPILATION_MODE = wholemodule;
				SWIFT_OPTIMIZATION_LEVEL = "-O";
				VALIDATE_PRODUCT = YES;
			};
			name = Release;
		};
		CFD465662236E4AF0073E3FD /* Debug */ = {
			isa = XCBuildConfiguration;
			baseConfigurationReference = ADE7C0DB47DE47BEAB75300E /* Pods-SanDiegoZooSample.debug.xcconfig */;
			buildSettings = {
				ASSETCATALOG_COMPILER_APPICON_NAME = AppIcon;
				CODE_SIGN_STYLE = Automatic;
				DEVELOPMENT_TEAM = 42UG54QP3B;
				INFOPLIST_FILE = SanDiegoZooSample/Info.plist;
				IPHONEOS_DEPLOYMENT_TARGET = 11.0;
				LD_RUNPATH_SEARCH_PATHS = (
					"$(inherited)",
					"@executable_path/Frameworks",
				);
				PRODUCT_BUNDLE_IDENTIFIER = com.WilsonDesimini.SanDiegoZooSample;
				PRODUCT_NAME = "$(TARGET_NAME)";
				SWIFT_VERSION = 4.2;
				TARGETED_DEVICE_FAMILY = "1,2";
			};
			name = Debug;
		};
		CFD465672236E4AF0073E3FD /* Release */ = {
			isa = XCBuildConfiguration;
			baseConfigurationReference = 6B7C87643221633C737CDF12 /* Pods-SanDiegoZooSample.release.xcconfig */;
			buildSettings = {
				ASSETCATALOG_COMPILER_APPICON_NAME = AppIcon;
				CODE_SIGN_STYLE = Automatic;
				DEVELOPMENT_TEAM = 42UG54QP3B;
				INFOPLIST_FILE = SanDiegoZooSample/Info.plist;
				IPHONEOS_DEPLOYMENT_TARGET = 11.0;
				LD_RUNPATH_SEARCH_PATHS = (
					"$(inherited)",
					"@executable_path/Frameworks",
				);
				PRODUCT_BUNDLE_IDENTIFIER = com.WilsonDesimini.SanDiegoZooSample;
				PRODUCT_NAME = "$(TARGET_NAME)";
				SWIFT_VERSION = 4.2;
				TARGETED_DEVICE_FAMILY = "1,2";
			};
			name = Release;
		};
/* End XCBuildConfiguration section */

/* Begin XCConfigurationList section */
		CFD4654E2236E4AC0073E3FD /* Build configuration list for PBXProject "SanDiegoZooSample" */ = {
			isa = XCConfigurationList;
			buildConfigurations = (
				CFD465632236E4AF0073E3FD /* Debug */,
				CFD465642236E4AF0073E3FD /* Release */,
			);
			defaultConfigurationIsVisible = 0;
			defaultConfigurationName = Release;
		};
		CFD465652236E4AF0073E3FD /* Build configuration list for PBXNativeTarget "SanDiegoZooSample" */ = {
			isa = XCConfigurationList;
			buildConfigurations = (
				CFD465662236E4AF0073E3FD /* Debug */,
				CFD465672236E4AF0073E3FD /* Release */,
			);
			defaultConfigurationIsVisible = 0;
			defaultConfigurationName = Release;
		};
/* End XCConfigurationList section */
	};
	rootObject = CFD4654B2236E4AC0073E3FD /* Project object */;
}
